<?xml version="1.0" encoding="utf-8"?>
<Project ToolsVersion="4.0" xmlns="http://schemas.microsoft.com/developer/msbuild/2003">
  <ItemGroup>
    <Filter Include="Resource">
      <UniqueIdentifier>{67DA6AB6-F800-4c08-8B7A-83BB121AAD01}</UniqueIdentifier>
      <Extensions>rc;ico;cur;bmp;dlg;rc2;rct;bin;rgs;gif;jpg;jpeg;jpe;resx;tiff;tif;png;wav;mfcribbon-ms</Extensions>
    </Filter>
    <Filter Include="Source Files">
      <UniqueIdentifier>{4FC737F1-C7A5-4376-A066-2A32D752A2FF}</UniqueIdentifier>
      <Extensions>cpp;c;cc;cxx;c++;cppm;ixx;def;odl;idl;hpj;bat;asm;asmx</Extensions>
    </Filter>
    <Filter Include="Source Files\deps">
      <UniqueIdentifier>{c324bd5e-557e-4448-9154-8b01dab17040}</UniqueIdentifier>
    </Filter>
    <Filter Include="Source Files\deps\spine-cpp-3.8">
      <UniqueIdentifier>{2f3a6e38-37c4-4cb5-a84d-0a12b01a095d}</UniqueIdentifier>
    </Filter>
    <Filter Include="Source Files\sfml-spine">
      <UniqueIdentifier>{a6b5e1d4-9a08-48c7-9b40-10eeb045f81d}</UniqueIdentifier>
    </Filter>
    <Filter Include="Header Files">
      <UniqueIdentifier>{93995380-89BD-4b04-88EB-625FBE52EBFB}</UniqueIdentifier>
      <Extensions>h;hh;hpp;hxx;h++;hm;inl;inc;ipp;xsd</Extensions>
    </Filter>
    <Filter Include="Header Files\sfml-spine">
      <UniqueIdentifier>{a9919b08-58cd-4d54-a0fe-8e06d5320701}</UniqueIdentifier>
    </Filter>
  </ItemGroup>
  <ItemGroup>
    <ClInclude Include="framework.h">
      <Filter>Header Files</Filter>
    </ClInclude>
    <ClInclude Include="win_filesystem.h">
      <Filter>Header Files</Filter>
    </ClInclude>
    <ClInclude Include="win_dialogue.h">
      <Filter>Header Files</Filter>
    </ClInclude>
    <ClInclude Include="win_text.h">
      <Filter>Header Files</Filter>
    </ClInclude>
    <ClInclude Include="sfml-spine\sfml_spine.h">
      <Filter>Header Files\sfml-spine</Filter>
    </ClInclude>
    <ClInclude Include="sfml-spine\sfml_spine_player.h">
      <Filter>Header Files\sfml-spine</Filter>
    </ClInclude>
    <ClInclude Include="sfml-spine\spine_loader.h">
      <Filter>Header Files\sfml-spine</Filter>
    </ClInclude>
    <ClInclude Include="sfml-spine\spine_player.h">
      <Filter>Header Files\sfml-spine</Filter>
    </ClInclude>
    <ClInclude Include="sfml_main_window.h">
      <Filter>Header Files</Filter>
    </ClInclude>
    <ClInclude Include="resource.h">
      <Filter>Resource</Filter>
    </ClInclude>
  </ItemGroup>
  <ItemGroup>
    <ClCompile Include="main.cpp">
      <Filter>Source Files</Filter>
    </ClCompile>
    <ClCompile Include="deps\spine-cpp-3.8\src\spine\Animation.cpp">
      <Filter>Source Files\deps\spine-cpp-3.8</Filter>
    </ClCompile>
    <ClCompile Include="deps\spine-cpp-3.8\src\spine\AnimationState.cpp">
      <Filter>Source Files\deps\spine-cpp-3.8</Filter>
    </ClCompile>
    <ClCompile Include="deps\spine-cpp-3.8\src\spine\AnimationStateData.cpp">
      <Filter>Source Files\deps\spine-cpp-3.8</Filter>
    </ClCompile>
    <ClCompile Include="deps\spine-cpp-3.8\src\spine\Atlas.cpp">
      <Filter>Source Files\deps\spine-cpp-3.8</Filter>
    </ClCompile>
    <ClCompile Include="deps\spine-cpp-3.8\src\spine\AtlasAttachmentLoader.cpp">
      <Filter>Source Files\deps\spine-cpp-3.8</Filter>
    </ClCompile>
    <ClCompile Include="deps\spine-cpp-3.8\src\spine\Attachment.cpp">
      <Filter>Source Files\deps\spine-cpp-3.8</Filter>
    </ClCompile>
    <ClCompile Include="deps\spine-cpp-3.8\src\spine\AttachmentLoader.cpp">
      <Filter>Source Files\deps\spine-cpp-3.8</Filter>
    </ClCompile>
    <ClCompile Include="deps\spine-cpp-3.8\src\spine\AttachmentTimeline.cpp">
      <Filter>Source Files\deps\spine-cpp-3.8</Filter>
    </ClCompile>
    <ClCompile Include="deps\spine-cpp-3.8\src\spine\Bone.cpp">
      <Filter>Source Files\deps\spine-cpp-3.8</Filter>
    </ClCompile>
    <ClCompile Include="deps\spine-cpp-3.8\src\spine\BoneData.cpp">
      <Filter>Source Files\deps\spine-cpp-3.8</Filter>
    </ClCompile>
    <ClCompile Include="deps\spine-cpp-3.8\src\spine\BoundingBoxAttachment.cpp">
      <Filter>Source Files\deps\spine-cpp-3.8</Filter>
    </ClCompile>
    <ClCompile Include="deps\spine-cpp-3.8\src\spine\ClippingAttachment.cpp">
      <Filter>Source Files\deps\spine-cpp-3.8</Filter>
    </ClCompile>
    <ClCompile Include="deps\spine-cpp-3.8\src\spine\ColorTimeline.cpp">
      <Filter>Source Files\deps\spine-cpp-3.8</Filter>
    </ClCompile>
    <ClCompile Include="deps\spine-cpp-3.8\src\spine\ConstraintData.cpp">
      <Filter>Source Files\deps\spine-cpp-3.8</Filter>
    </ClCompile>
    <ClCompile Include="deps\spine-cpp-3.8\src\spine\CurveTimeline.cpp">
      <Filter>Source Files\deps\spine-cpp-3.8</Filter>
    </ClCompile>
    <ClCompile Include="deps\spine-cpp-3.8\src\spine\DeformTimeline.cpp">
      <Filter>Source Files\deps\spine-cpp-3.8</Filter>
    </ClCompile>
    <ClCompile Include="deps\spine-cpp-3.8\src\spine\DrawOrderTimeline.cpp">
      <Filter>Source Files\deps\spine-cpp-3.8</Filter>
    </ClCompile>
    <ClCompile Include="deps\spine-cpp-3.8\src\spine\Event.cpp">
      <Filter>Source Files\deps\spine-cpp-3.8</Filter>
    </ClCompile>
    <ClCompile Include="deps\spine-cpp-3.8\src\spine\EventData.cpp">
      <Filter>Source Files\deps\spine-cpp-3.8</Filter>
    </ClCompile>
    <ClCompile Include="deps\spine-cpp-3.8\src\spine\EventTimeline.cpp">
      <Filter>Source Files\deps\spine-cpp-3.8</Filter>
    </ClCompile>
    <ClCompile Include="deps\spine-cpp-3.8\src\spine\Extension.cpp">
      <Filter>Source Files\deps\spine-cpp-3.8</Filter>
    </ClCompile>
    <ClCompile Include="deps\spine-cpp-3.8\src\spine\IkConstraint.cpp">
      <Filter>Source Files\deps\spine-cpp-3.8</Filter>
    </ClCompile>
    <ClCompile Include="deps\spine-cpp-3.8\src\spine\IkConstraintData.cpp">
      <Filter>Source Files\deps\spine-cpp-3.8</Filter>
    </ClCompile>
    <ClCompile Include="deps\spine-cpp-3.8\src\spine\IkConstraintTimeline.cpp">
      <Filter>Source Files\deps\spine-cpp-3.8</Filter>
    </ClCompile>
    <ClCompile Include="deps\spine-cpp-3.8\src\spine\Json.cpp">
      <Filter>Source Files\deps\spine-cpp-3.8</Filter>
    </ClCompile>
    <ClCompile Include="deps\spine-cpp-3.8\src\spine\LinkedMesh.cpp">
      <Filter>Source Files\deps\spine-cpp-3.8</Filter>
    </ClCompile>
    <ClCompile Include="deps\spine-cpp-3.8\src\spine\MathUtil.cpp">
      <Filter>Source Files\deps\spine-cpp-3.8</Filter>
    </ClCompile>
    <ClCompile Include="deps\spine-cpp-3.8\src\spine\MeshAttachment.cpp">
      <Filter>Source Files\deps\spine-cpp-3.8</Filter>
    </ClCompile>
    <ClCompile Include="deps\spine-cpp-3.8\src\spine\PathAttachment.cpp">
      <Filter>Source Files\deps\spine-cpp-3.8</Filter>
    </ClCompile>
    <ClCompile Include="deps\spine-cpp-3.8\src\spine\PathConstraint.cpp">
      <Filter>Source Files\deps\spine-cpp-3.8</Filter>
    </ClCompile>
    <ClCompile Include="deps\spine-cpp-3.8\src\spine\PathConstraintData.cpp">
      <Filter>Source Files\deps\spine-cpp-3.8</Filter>
    </ClCompile>
    <ClCompile Include="deps\spine-cpp-3.8\src\spine\PathConstraintMixTimeline.cpp">
      <Filter>Source Files\deps\spine-cpp-3.8</Filter>
    </ClCompile>
    <ClCompile Include="deps\spine-cpp-3.8\src\spine\PathConstraintPositionTimeline.cpp">
      <Filter>Source Files\deps\spine-cpp-3.8</Filter>
    </ClCompile>
    <ClCompile Include="deps\spine-cpp-3.8\src\spine\PathConstraintSpacingTimeline.cpp">
      <Filter>Source Files\deps\spine-cpp-3.8</Filter>
    </ClCompile>
    <ClCompile Include="deps\spine-cpp-3.8\src\spine\PointAttachment.cpp">
      <Filter>Source Files\deps\spine-cpp-3.8</Filter>
    </ClCompile>
    <ClCompile Include="deps\spine-cpp-3.8\src\spine\RegionAttachment.cpp">
      <Filter>Source Files\deps\spine-cpp-3.8</Filter>
    </ClCompile>
    <ClCompile Include="deps\spine-cpp-3.8\src\spine\RotateTimeline.cpp">
      <Filter>Source Files\deps\spine-cpp-3.8</Filter>
    </ClCompile>
    <ClCompile Include="deps\spine-cpp-3.8\src\spine\RTTI.cpp">
      <Filter>Source Files\deps\spine-cpp-3.8</Filter>
    </ClCompile>
    <ClCompile Include="deps\spine-cpp-3.8\src\spine\ScaleTimeline.cpp">
      <Filter>Source Files\deps\spine-cpp-3.8</Filter>
    </ClCompile>
    <ClCompile Include="deps\spine-cpp-3.8\src\spine\ShearTimeline.cpp">
      <Filter>Source Files\deps\spine-cpp-3.8</Filter>
    </ClCompile>
    <ClCompile Include="deps\spine-cpp-3.8\src\spine\Skeleton.cpp">
      <Filter>Source Files\deps\spine-cpp-3.8</Filter>
    </ClCompile>
    <ClCompile Include="deps\spine-cpp-3.8\src\spine\SkeletonBinary.cpp">
      <Filter>Source Files\deps\spine-cpp-3.8</Filter>
    </ClCompile>
    <ClCompile Include="deps\spine-cpp-3.8\src\spine\SkeletonBounds.cpp">
      <Filter>Source Files\deps\spine-cpp-3.8</Filter>
    </ClCompile>
    <ClCompile Include="deps\spine-cpp-3.8\src\spine\SkeletonClipping.cpp">
      <Filter>Source Files\deps\spine-cpp-3.8</Filter>
    </ClCompile>
    <ClCompile Include="deps\spine-cpp-3.8\src\spine\SkeletonData.cpp">
      <Filter>Source Files\deps\spine-cpp-3.8</Filter>
    </ClCompile>
    <ClCompile Include="deps\spine-cpp-3.8\src\spine\SkeletonJson.cpp">
      <Filter>Source Files\deps\spine-cpp-3.8</Filter>
    </ClCompile>
    <ClCompile Include="deps\spine-cpp-3.8\src\spine\Skin.cpp">
      <Filter>Source Files\deps\spine-cpp-3.8</Filter>
    </ClCompile>
    <ClCompile Include="deps\spine-cpp-3.8\src\spine\Slot.cpp">
      <Filter>Source Files\deps\spine-cpp-3.8</Filter>
    </ClCompile>
    <ClCompile Include="deps\spine-cpp-3.8\src\spine\SlotData.cpp">
      <Filter>Source Files\deps\spine-cpp-3.8</Filter>
    </ClCompile>
    <ClCompile Include="deps\spine-cpp-3.8\src\spine\SpineObject.cpp">
      <Filter>Source Files\deps\spine-cpp-3.8</Filter>
    </ClCompile>
    <ClCompile Include="deps\spine-cpp-3.8\src\spine\TextureLoader.cpp">
      <Filter>Source Files\deps\spine-cpp-3.8</Filter>
    </ClCompile>
    <ClCompile Include="deps\spine-cpp-3.8\src\spine\Timeline.cpp">
      <Filter>Source Files\deps\spine-cpp-3.8</Filter>
    </ClCompile>
    <ClCompile Include="deps\spine-cpp-3.8\src\spine\TransformConstraint.cpp">
      <Filter>Source Files\deps\spine-cpp-3.8</Filter>
    </ClCompile>
    <ClCompile Include="deps\spine-cpp-3.8\src\spine\TransformConstraintData.cpp">
      <Filter>Source Files\deps\spine-cpp-3.8</Filter>
    </ClCompile>
    <ClCompile Include="deps\spine-cpp-3.8\src\spine\TransformConstraintTimeline.cpp">
      <Filter>Source Files\deps\spine-cpp-3.8</Filter>
    </ClCompile>
    <ClCompile Include="deps\spine-cpp-3.8\src\spine\TranslateTimeline.cpp">
      <Filter>Source Files\deps\spine-cpp-3.8</Filter>
    </ClCompile>
    <ClCompile Include="deps\spine-cpp-3.8\src\spine\Triangulator.cpp">
      <Filter>Source Files\deps\spine-cpp-3.8</Filter>
    </ClCompile>
    <ClCompile Include="deps\spine-cpp-3.8\src\spine\TwoColorTimeline.cpp">
      <Filter>Source Files\deps\spine-cpp-3.8</Filter>
    </ClCompile>
    <ClCompile Include="deps\spine-cpp-3.8\src\spine\Updatable.cpp">
      <Filter>Source Files\deps\spine-cpp-3.8</Filter>
    </ClCompile>
    <ClCompile Include="deps\spine-cpp-3.8\src\spine\VertexAttachment.cpp">
      <Filter>Source Files\deps\spine-cpp-3.8</Filter>
    </ClCompile>
    <ClCompile Include="deps\spine-cpp-3.8\src\spine\VertexEffect.cpp">
      <Filter>Source Files\deps\spine-cpp-3.8</Filter>
    </ClCompile>
    <ClCompile Include="win_filesystem.cpp">
      <Filter>Source Files</Filter>
    </ClCompile>
    <ClCompile Include="win_dialogue.cpp">
      <Filter>Source Files</Filter>
    </ClCompile>
    <ClCompile Include="win_text.cpp">
      <Filter>Source Files</Filter>
    </ClCompile>
    <ClCompile Include="sfml-spine\sfml_spine.cpp">
      <Filter>Source Files\sfml-spine</Filter>
    </ClCompile>
    <ClCompile Include="sfml-spine\sfml_spine_player.cpp">
      <Filter>Source Files\sfml-spine</Filter>
    </ClCompile>
    <ClCompile Include="sfml-spine\spine_loader.cpp">
      <Filter>Source Files\sfml-spine</Filter>
    </ClCompile>
    <ClCompile Include="sfml-spine\spine_player.cpp">
      <Filter>Source Files\sfml-spine</Filter>
    </ClCompile>
    <ClCompile Include="sfml_main_window.cpp">
      <Filter>Source Files</Filter>
    </ClCompile>
  </ItemGroup>
  <ItemGroup>
    <ResourceCompile Include="MistTrainGirlsPlayer.rc">
      <Filter>Resource</Filter>
    </ResourceCompile>
  </ItemGroup>
  <ItemGroup>
    <Image Include="icon\29340107.ico">
      <Filter>Resource</Filter>
    </Image>
  </ItemGroup>
</Project>